
Microsoft Visual Studio Solution File, Format Version 12.00
# Visual Studio Version 17
VisualStudioVersion = 17.6.33723.286
MinimumVisualStudioVersion = 10.0.40219.1
Project("{FAE04EC0-301F-11D3-BF4B-00C04F79EFBC}") = "homeWork2.3", "homeWork2.3\homeWork2.3.csproj", "{172197DD-D80C-4E48-B2B1-EBDEAC089823}"
EndProject
Global
	GlobalSection(SolutionConfigurationPlatforms) = preSolution
		Debug|Any CPU = Debug|Any CPU
		Release|Any CPU = Release|Any CPU
	EndGlobalSection
	GlobalSection(ProjectConfigurationPlatforms) = postSolution
		{172197DD-D80C-4E48-B2B1-EBDEAC089823}.Debug|Any CPU.ActiveCfg = Debug|Any CPU
		{172197DD-D80C-4E48-B2B1-EBDEAC089823}.Debug|Any CPU.Build.0 = Debug|Any CPU
		{172197DD-D80C-4E48-B2B1-EBDEAC089823}.Release|Any CPU.ActiveCfg = Release|Any CPU
		{172197DD-D80C-4E48-B2B1-EBDEAC089823}.Release|Any CPU.Build.0 = Release|Any CPU
	EndGlobalSection
	GlobalSection(SolutionProperties) = preSolution
		HideSolutionNode = FALSE
	EndGlobalSection
	GlobalSection(ExtensibilityGlobals) = postSolution
		SolutionGuid = {A1ABD5BE-7F5E-4B13-A6E1-95E786499BA6}
	EndGlobalSection
EndGlobal
